
Microsoft Visual Studio Solution File, Format Version 12.00
# Visual Studio 2012
Project("{FAE04EC0-301F-11D3-BF4B-00C04F79EFBC}") = "ChecklistManager", "ChecklistManager\ChecklistManager.csproj", "{D9F459A3-03D6-4E6E-902A-FA74E238D34F}"
EndProject
Project("{FAE04EC0-301F-11D3-BF4B-00C04F79EFBC}") = "ChecklistManager.Tests", "ChecklistManager.Tests\ChecklistManager.Tests.csproj", "{3C3B9FE5-0C71-4C66-ADC3-63DD8B9BBBE7}"
EndProject
Project("{FAE04EC0-301F-11D3-BF4B-00C04F79EFBC}") = "TestLibrary", "TestLibrary\TestLibrary.csproj", "{F79AD71A-3C6D-4C87-88D0-34A96F7A6CC2}"
EndProject
Project("{FAE04EC0-301F-11D3-BF4B-00C04F79EFBC}") = "Extensions", "Extensions\Extensions.csproj", "{9426C40C-2C87-4DAC-B95B-52D11C1C6E15}"
EndProject
Project("{FAE04EC0-301F-11D3-BF4B-00C04F79EFBC}") = "ChecklistManager.Contract", "ChecklistManager.Contract\ChecklistManager.Contract.csproj", "{F4B21B9B-5340-4229-88B7-76D197E05941}"
EndProject
Project("{FAE04EC0-301F-11D3-BF4B-00C04F79EFBC}") = "ChecklistManager.Repository", "ChecklistManager.Repository\ChecklistManager.Repository.csproj", "{346B500A-D999-4185-A32C-D2CF5ABF044A}"
EndProject
Project("{FAE04EC0-301F-11D3-BF4B-00C04F79EFBC}") = "ChecklistManager.Model", "ChecklistManager.Model\ChecklistManager.Model.csproj", "{3F46062B-3DDA-4204-856A-38ABEF1CABE8}"
EndProject
Project("{FAE04EC0-301F-11D3-BF4B-00C04F79EFBC}") = "MvcApplication2", "MvcApplication2\MvcApplication2.csproj", "{58EC7D8D-3CAB-40EB-9176-F9E9E7BA6049}"
EndProject
Global
	GlobalSection(SolutionConfigurationPlatforms) = preSolution
		Debug|Any CPU = Debug|Any CPU
		Release|Any CPU = Release|Any CPU
	EndGlobalSection
	GlobalSection(ProjectConfigurationPlatforms) = postSolution
		{D9F459A3-03D6-4E6E-902A-FA74E238D34F}.Debug|Any CPU.ActiveCfg = Debug|Any CPU
		{D9F459A3-03D6-4E6E-902A-FA74E238D34F}.Debug|Any CPU.Build.0 = Debug|Any CPU
		{D9F459A3-03D6-4E6E-902A-FA74E238D34F}.Release|Any CPU.ActiveCfg = Release|Any CPU
		{D9F459A3-03D6-4E6E-902A-FA74E238D34F}.Release|Any CPU.Build.0 = Release|Any CPU
		{3C3B9FE5-0C71-4C66-ADC3-63DD8B9BBBE7}.Debug|Any CPU.ActiveCfg = Debug|Any CPU
		{3C3B9FE5-0C71-4C66-ADC3-63DD8B9BBBE7}.Debug|Any CPU.Build.0 = Debug|Any CPU
		{3C3B9FE5-0C71-4C66-ADC3-63DD8B9BBBE7}.Release|Any CPU.ActiveCfg = Release|Any CPU
		{3C3B9FE5-0C71-4C66-ADC3-63DD8B9BBBE7}.Release|Any CPU.Build.0 = Release|Any CPU
		{F79AD71A-3C6D-4C87-88D0-34A96F7A6CC2}.Debug|Any CPU.ActiveCfg = Debug|Any CPU
		{F79AD71A-3C6D-4C87-88D0-34A96F7A6CC2}.Debug|Any CPU.Build.0 = Debug|Any CPU
		{F79AD71A-3C6D-4C87-88D0-34A96F7A6CC2}.Release|Any CPU.ActiveCfg = Release|Any CPU
		{F79AD71A-3C6D-4C87-88D0-34A96F7A6CC2}.Release|Any CPU.Build.0 = Release|Any CPU
		{9426C40C-2C87-4DAC-B95B-52D11C1C6E15}.Debug|Any CPU.ActiveCfg = Debug|Any CPU
		{9426C40C-2C87-4DAC-B95B-52D11C1C6E15}.Debug|Any CPU.Build.0 = Debug|Any CPU
		{9426C40C-2C87-4DAC-B95B-52D11C1C6E15}.Release|Any CPU.ActiveCfg = Release|Any CPU
		{9426C40C-2C87-4DAC-B95B-52D11C1C6E15}.Release|Any CPU.Build.0 = Release|Any CPU
		{F4B21B9B-5340-4229-88B7-76D197E05941}.Debug|Any CPU.ActiveCfg = Debug|Any CPU
		{F4B21B9B-5340-4229-88B7-76D197E05941}.Debug|Any CPU.Build.0 = Debug|Any CPU
		{F4B21B9B-5340-4229-88B7-76D197E05941}.Release|Any CPU.ActiveCfg = Release|Any CPU
		{F4B21B9B-5340-4229-88B7-76D197E05941}.Release|Any CPU.Build.0 = Release|Any CPU
		{346B500A-D999-4185-A32C-D2CF5ABF044A}.Debug|Any CPU.ActiveCfg = Debug|Any CPU
		{346B500A-D999-4185-A32C-D2CF5ABF044A}.Debug|Any CPU.Build.0 = Debug|Any CPU
		{346B500A-D999-4185-A32C-D2CF5ABF044A}.Release|Any CPU.ActiveCfg = Release|Any CPU
		{346B500A-D999-4185-A32C-D2CF5ABF044A}.Release|Any CPU.Build.0 = Release|Any CPU
		{3F46062B-3DDA-4204-856A-38ABEF1CABE8}.Debug|Any CPU.ActiveCfg = Debug|Any CPU
		{3F46062B-3DDA-4204-856A-38ABEF1CABE8}.Debug|Any CPU.Build.0 = Debug|Any CPU
		{3F46062B-3DDA-4204-856A-38ABEF1CABE8}.Release|Any CPU.ActiveCfg = Release|Any CPU
		{3F46062B-3DDA-4204-856A-38ABEF1CABE8}.Release|Any CPU.Build.0 = Release|Any CPU
		{58EC7D8D-3CAB-40EB-9176-F9E9E7BA6049}.Debug|Any CPU.ActiveCfg = Debug|Any CPU
		{58EC7D8D-3CAB-40EB-9176-F9E9E7BA6049}.Debug|Any CPU.Build.0 = Debug|Any CPU
		{58EC7D8D-3CAB-40EB-9176-F9E9E7BA6049}.Release|Any CPU.ActiveCfg = Release|Any CPU
		{58EC7D8D-3CAB-40EB-9176-F9E9E7BA6049}.Release|Any CPU.Build.0 = Release|Any CPU
	EndGlobalSection
	GlobalSection(SolutionProperties) = preSolution
		HideSolutionNode = FALSE
	EndGlobalSection
EndGlobal
